
Microsoft Visual Studio Solution File, Format Version 12.00
# Visual Studio 2012
Project("{FAE04EC0-301F-11D3-BF4B-00C04F79EFBC}") = "WebApiLab", "WebApiLab\WebApiLab.csproj", "{015E78F2-F322-4C69-842A-F159DD4A5664}"
EndProject
Global
	GlobalSection(SolutionConfigurationPlatforms) = preSolution
		Debug|Any CPU = Debug|Any CPU
		Release|Any CPU = Release|Any CPU
	EndGlobalSection
	GlobalSection(ProjectConfigurationPlatforms) = postSolution
		{015E78F2-F322-4C69-842A-F159DD4A5664}.Debug|Any CPU.ActiveCfg = Debug|Any CPU
		{015E78F2-F322-4C69-842A-F159DD4A5664}.Debug|Any CPU.Build.0 = Debug|Any CPU
		{015E78F2-F322-4C69-842A-F159DD4A5664}.Release|Any CPU.ActiveCfg = Release|Any CPU
		{015E78F2-F322-4C69-842A-F159DD4A5664}.Release|Any CPU.Build.0 = Release|Any CPU
	EndGlobalSection
	GlobalSection(SolutionProperties) = preSolution
		HideSolutionNode = FALSE
	EndGlobalSection
EndGlobal
